
Microsoft Visual Studio Solution File, Format Version 12.00
# Visual Studio Version 17
VisualStudioVersion = 17.7.34202.233
MinimumVisualStudioVersion = 10.0.40219.1
Project("{9A19103F-16F7-4668-BE54-9A1E7A4F7556}") = "EventCalendarApp", "EventCalendarApp\EventCalendarApp.csproj", "{3FA59C89-81C7-4E87-AB6D-5905E92ED62F}"
EndProject
Project("{FAE04EC0-301F-11D3-BF4B-00C04F79EFBC}") = "ECalendarTest", "ECalendarTest\ECalendarTest.csproj", "{B20FED29-8A43-4179-9A12-DF38B3EAC4B8}"
EndProject
Global
	GlobalSection(SolutionConfigurationPlatforms) = preSolution
		Debug|Any CPU = Debug|Any CPU
		Release|Any CPU = Release|Any CPU
	EndGlobalSection
	GlobalSection(ProjectConfigurationPlatforms) = postSolution
		{3FA59C89-81C7-4E87-AB6D-5905E92ED62F}.Debug|Any CPU.ActiveCfg = Debug|Any CPU
		{3FA59C89-81C7-4E87-AB6D-5905E92ED62F}.Debug|Any CPU.Build.0 = Debug|Any CPU
		{3FA59C89-81C7-4E87-AB6D-5905E92ED62F}.Release|Any CPU.ActiveCfg = Release|Any CPU
		{3FA59C89-81C7-4E87-AB6D-5905E92ED62F}.Release|Any CPU.Build.0 = Release|Any CPU
		{B20FED29-8A43-4179-9A12-DF38B3EAC4B8}.Debug|Any CPU.ActiveCfg = Debug|Any CPU
		{B20FED29-8A43-4179-9A12-DF38B3EAC4B8}.Debug|Any CPU.Build.0 = Debug|Any CPU
		{B20FED29-8A43-4179-9A12-DF38B3EAC4B8}.Release|Any CPU.ActiveCfg = Release|Any CPU
		{B20FED29-8A43-4179-9A12-DF38B3EAC4B8}.Release|Any CPU.Build.0 = Release|Any CPU
	EndGlobalSection
	GlobalSection(SolutionProperties) = preSolution
		HideSolutionNode = FALSE
	EndGlobalSection
	GlobalSection(ExtensibilityGlobals) = postSolution
		SolutionGuid = {868AC401-8C1C-4166-9920-845DF8645EE3}
	EndGlobalSection
EndGlobal
